
Microsoft Visual Studio Solution File, Format Version 12.00
# Visual Studio Version 17
VisualStudioVersion = 17.13.35825.156 d17.13
MinimumVisualStudioVersion = 10.0.40219.1
Project("{FAE04EC0-301F-11D3-BF4B-00C04F79EFBC}") = "WBM_BackgroundProcessor", "WBM_BackgroundProcessor.csproj", "{C300EFD7-7F72-4FC5-A62F-885489E07BAA}"
EndProject
Global
	GlobalSection(SolutionConfigurationPlatforms) = preSolution
		Debug|Any CPU = Debug|Any CPU
		Release|Any CPU = Release|Any CPU
	EndGlobalSection
	GlobalSection(ProjectConfigurationPlatforms) = postSolution
		{C300EFD7-7F72-4FC5-A62F-885489E07BAA}.Debug|Any CPU.ActiveCfg = Debug|Any CPU
		{C300EFD7-7F72-4FC5-A62F-885489E07BAA}.Debug|Any CPU.Build.0 = Debug|Any CPU
		{C300EFD7-7F72-4FC5-A62F-885489E07BAA}.Release|Any CPU.ActiveCfg = Release|Any CPU
		{C300EFD7-7F72-4FC5-A62F-885489E07BAA}.Release|Any CPU.Build.0 = Release|Any CPU
	EndGlobalSection
	GlobalSection(SolutionProperties) = preSolution
		HideSolutionNode = FALSE
	EndGlobalSection
	GlobalSection(ExtensibilityGlobals) = postSolution
		SolutionGuid = {F93DF69D-1A7E-4573-A372-7A1BF56B6A6F}
	EndGlobalSection
EndGlobal
